
Microsoft Visual Studio Solution File, Format Version 12.00
# Visual Studio Version 17
VisualStudioVersion = 17.7.34202.233
MinimumVisualStudioVersion = 10.0.40219.1
Project("{FAE04EC0-301F-11D3-BF4B-00C04F79EFBC}") = "CoreAPI", "CoreAPI\CoreAPI.csproj", "{74049509-27F1-4C9F-BBA1-29AA991D4D64}"
EndProject
Global
	GlobalSection(SolutionConfigurationPlatforms) = preSolution
		Debug|Any CPU = Debug|Any CPU
		Release|Any CPU = Release|Any CPU
	EndGlobalSection
	GlobalSection(ProjectConfigurationPlatforms) = postSolution
		{74049509-27F1-4C9F-BBA1-29AA991D4D64}.Debug|Any CPU.ActiveCfg = Debug|Any CPU
		{74049509-27F1-4C9F-BBA1-29AA991D4D64}.Debug|Any CPU.Build.0 = Debug|Any CPU
		{74049509-27F1-4C9F-BBA1-29AA991D4D64}.Release|Any CPU.ActiveCfg = Release|Any CPU
		{74049509-27F1-4C9F-BBA1-29AA991D4D64}.Release|Any CPU.Build.0 = Release|Any CPU
	EndGlobalSection
	GlobalSection(SolutionProperties) = preSolution
		HideSolutionNode = FALSE
	EndGlobalSection
	GlobalSection(ExtensibilityGlobals) = postSolution
		SolutionGuid = {A2CBFF28-E180-44EA-A55C-BE318B5FBA96}
	EndGlobalSection
EndGlobal
